
Microsoft Visual Studio Solution File, Format Version 12.00
# Visual Studio Version 17
VisualStudioVersion = 17.11.35222.181
MinimumVisualStudioVersion = 10.0.40219.1
Project("{FAE04EC0-301F-11D3-BF4B-00C04F79EFBC}") = "MovieMasterAPI", "MovieMasterAPI.csproj", "{0DBDCE87-0C00-4FFA-A524-1E4C6AFA108D}"
EndProject
Global
	GlobalSection(SolutionConfigurationPlatforms) = preSolution
		Debug|Any CPU = Debug|Any CPU
		Release|Any CPU = Release|Any CPU
	EndGlobalSection
	GlobalSection(ProjectConfigurationPlatforms) = postSolution
		{0DBDCE87-0C00-4FFA-A524-1E4C6AFA108D}.Debug|Any CPU.ActiveCfg = Debug|Any CPU
		{0DBDCE87-0C00-4FFA-A524-1E4C6AFA108D}.Debug|Any CPU.Build.0 = Debug|Any CPU
		{0DBDCE87-0C00-4FFA-A524-1E4C6AFA108D}.Release|Any CPU.ActiveCfg = Release|Any CPU
		{0DBDCE87-0C00-4FFA-A524-1E4C6AFA108D}.Release|Any CPU.Build.0 = Release|Any CPU
	EndGlobalSection
	GlobalSection(SolutionProperties) = preSolution
		HideSolutionNode = FALSE
	EndGlobalSection
	GlobalSection(ExtensibilityGlobals) = postSolution
		SolutionGuid = {8AD76055-AB61-42AB-B0DF-628148C804F1}
	EndGlobalSection
EndGlobal
